
Microsoft Visual Studio Solution File, Format Version 12.00
# Visual Studio Version 17
VisualStudioVersion = 17.0.31903.59
MinimumVisualStudioVersion = 10.0.40219.1
Project("{FAE04EC0-301F-11D3-BF4B-00C04F79EFBC}") = "test.api", "test.api\test.api.csproj", "{A8AC7523-55DB-4AF5-A5B4-2E9C98F971CF}"
EndProject
Global
	GlobalSection(SolutionConfigurationPlatforms) = preSolution
		Debug|Any CPU = Debug|Any CPU
		Release|Any CPU = Release|Any CPU
	EndGlobalSection
	GlobalSection(SolutionProperties) = preSolution
		HideSolutionNode = FALSE
	EndGlobalSection
	GlobalSection(ProjectConfigurationPlatforms) = postSolution
		{A8AC7523-55DB-4AF5-A5B4-2E9C98F971CF}.Debug|Any CPU.ActiveCfg = Debug|Any CPU
		{A8AC7523-55DB-4AF5-A5B4-2E9C98F971CF}.Debug|Any CPU.Build.0 = Debug|Any CPU
		{A8AC7523-55DB-4AF5-A5B4-2E9C98F971CF}.Release|Any CPU.ActiveCfg = Release|Any CPU
		{A8AC7523-55DB-4AF5-A5B4-2E9C98F971CF}.Release|Any CPU.Build.0 = Release|Any CPU
	EndGlobalSection
EndGlobal
